// !$*UTF8*$!
{
	archiveVersion = 1;
	classes = {
	};
	objectVersion = 56;
	objects = {

/* Begin PBXBuildFile section */
		B435291029BDE6580036613B /* AppDelegate.swift in Sources */ = {isa = PBXBuildFile; fileRef = B435290F29BDE6580036613B /* AppDelegate.swift */; };
		B435291229BDE6580036613B /* SceneDelegate.swift in Sources */ = {isa = PBXBuildFile; fileRef = B435291129BDE6580036613B /* SceneDelegate.swift */; };
		B435291429BDE6580036613B /* ViewController.swift in Sources */ = {isa = PBXBuildFile; fileRef = B435291329BDE6580036613B /* ViewController.swift */; };
		B435291929BDE6590036613B /* Assets.xcassets in Resources */ = {isa = PBXBuildFile; fileRef = B435291829BDE6590036613B /* Assets.xcassets */; };
		B435291C29BDE6590036613B /* LaunchScreen.storyboard in Resources */ = {isa = PBXBuildFile; fileRef = B435291A29BDE6590036613B /* LaunchScreen.storyboard */; };
		B435292429BDEC160036613B /* cat.JPG in Resources */ = {isa = PBXBuildFile; fileRef = B435292329BDEC160036613B /* cat.JPG */; };
		B435292629BDFE590036613B /* kernel.metal in Sources */ = {isa = PBXBuildFile; fileRef = B435292529BDFE590036613B /* kernel.metal */; };
		B435292829BDFF6D0036613B /* CustomFilter.swift in Sources */ = {isa = PBXBuildFile; fileRef = B435292729BDFF6D0036613B /* CustomFilter.swift */; };
		B435292A29BE2AF60036613B /* VideoViewController.swift in Sources */ = {isa = PBXBuildFile; fileRef = B435292929BE2AF60036613B /* VideoViewController.swift */; };
		B4FB5C9229BF815C004CD4DF /* video.MOV in Resources */ = {isa = PBXBuildFile; fileRef = B4FB5C9129BF815C004CD4DF /* video.MOV */; };
/* End PBXBuildFile section */

/* Begin PBXFileReference section */
		B435290C29BDE6580036613B /* SimpleCIFilter.app */ = {isa = PBXFileReference; explicitFileType = wrapper.application; includeInIndex = 0; path = SimpleCIFilter.app; sourceTree = BUILT_PRODUCTS_DIR; };
		B435290F29BDE6580036613B /* AppDelegate.swift */ = {isa = PBXFileReference; lastKnownFileType = sourcecode.swift; path = AppDelegate.swift; sourceTree = "<group>"; };
		B435291129BDE6580036613B /* SceneDelegate.swift */ = {isa = PBXFileReference; lastKnownFileType = sourcecode.swift; path = SceneDelegate.swift; sourceTree = "<group>"; };
		B435291329BDE6580036613B /* ViewController.swift */ = {isa = PBXFileReference; lastKnownFileType = sourcecode.swift; path = ViewController.swift; sourceTree = "<group>"; };
		B435291829BDE6590036613B /* Assets.xcassets */ = {isa = PBXFileReference; lastKnownFileType = folder.assetcatalog; path = Assets.xcassets; sourceTree = "<group>"; };
		B435291B29BDE6590036613B /* Base */ = {isa = PBXFileReference; lastKnownFileType = file.storyboard; name = Base; path = Base.lproj/LaunchScreen.storyboard; sourceTree = "<group>"; };
		B435291D29BDE6590036613B /* Info.plist */ = {isa = PBXFileReference; lastKnownFileType = text.plist.xml; path = Info.plist; sourceTree = "<group>"; };
		B435292329BDEC160036613B /* cat.JPG */ = {isa = PBXFileReference; lastKnownFileType = image.jpeg; path = cat.JPG; sourceTree = "<group>"; };
		B435292529BDFE590036613B /* kernel.metal */ = {isa = PBXFileReference; lastKnownFileType = sourcecode.metal; path = kernel.metal; sourceTree = "<group>"; };
		B435292729BDFF6D0036613B /* CustomFilter.swift */ = {isa = PBXFileReference; lastKnownFileType = sourcecode.swift; path = CustomFilter.swift; sourceTree = "<group>"; };
		B435292929BE2AF60036613B /* VideoViewController.swift */ = {isa = PBXFileReference; lastKnownFileType = sourcecode.swift; path = VideoViewController.swift; sourceTree = "<group>"; };
		B4FB5C9129BF815C004CD4DF /* video.MOV */ = {isa = PBXFileReference; lastKnownFileType = video.quicktime; path = video.MOV; sourceTree = "<group>"; };
/* End PBXFileReference section */

/* Begin PBXFrameworksBuildPhase section */
		B435290929BDE6580036613B /* Frameworks */ = {
			isa = PBXFrameworksBuildPhase;
			buildActionMask = 2147483647;
			files = (
			);
			runOnlyForDeploymentPostprocessing = 0;
		};
/* End PBXFrameworksBuildPhase section */

/* Begin PBXGroup section */
		B435290329BDE6580036613B = {
			isa = PBXGroup;
			children = (
				B435290E29BDE6580036613B /* SimpleCIFilter */,
				B435290D29BDE6580036613B /* Products */,
			);
			sourceTree = "<group>";
		};
		B435290D29BDE6580036613B /* Products */ = {
			isa = PBXGroup;
			children = (
				B435290C29BDE6580036613B /* SimpleCIFilter.app */,
			);
			name = Products;
			sourceTree = "<group>";
		};
		B435290E29BDE6580036613B /* SimpleCIFilter */ = {
			isa = PBXGroup;
			children = (
				B435290F29BDE6580036613B /* AppDelegate.swift */,
				B435291829BDE6590036613B /* Assets.xcassets */,
				B435292329BDEC160036613B /* cat.JPG */,
				B435292729BDFF6D0036613B /* CustomFilter.swift */,
				B435291D29BDE6590036613B /* Info.plist */,
				B435292529BDFE590036613B /* kernel.metal */,
				B435291A29BDE6590036613B /* LaunchScreen.storyboard */,
				B435291129BDE6580036613B /* SceneDelegate.swift */,
				B4FB5C9129BF815C004CD4DF /* video.MOV */,
				B435292929BE2AF60036613B /* VideoViewController.swift */,
				B435291329BDE6580036613B /* ViewController.swift */,
			);
			path = SimpleCIFilter;
			sourceTree = "<group>";
		};
/* End PBXGroup section */

/* Begin PBXNativeTarget section */
		B435290B29BDE6580036613B /* SimpleCIFilter */ = {
			isa = PBXNativeTarget;
			buildConfigurationList = B435292029BDE6590036613B /* Build configuration list for PBXNativeTarget "SimpleCIFilter" */;
			buildPhases = (
				B435290829BDE6580036613B /* Sources */,
				B435290929BDE6580036613B /* Frameworks */,
				B435290A29BDE6580036613B /* Resources */,
			);
			buildRules = (
			);
			dependencies = (
			);
			name = SimpleCIFilter;
			productName = SimpleCIFilter;
			productReference = B435290C29BDE6580036613B /* SimpleCIFilter.app */;
			productType = "com.apple.product-type.application";
		};
/* End PBXNativeTarget section */

/* Begin PBXProject section */
		B435290429BDE6580036613B /* Project object */ = {
			isa = PBXProject;
			attributes = {
				BuildIndependentTargetsInParallel = 1;
				LastSwiftUpdateCheck = 1420;
				LastUpgradeCheck = 1420;
				TargetAttributes = {
					B435290B29BDE6580036613B = {
						CreatedOnToolsVersion = 14.2;
					};
				};
			};
			buildConfigurationList = B435290729BDE6580036613B /* Build configuration list for PBXProject "SimpleCIFilter" */;
			compatibilityVersion = "Xcode 14.0";
			developmentRegion = en;
			hasScannedForEncodings = 0;
			knownRegions = (
				en,
				Base,
			);
			mainGroup = B435290329BDE6580036613B;
			productRefGroup = B435290D29BDE6580036613B /* Products */;
			projectDirPath = "";
			projectRoot = "";
			targets = (
				B435290B29BDE6580036613B /* SimpleCIFilter */,
			);
		};
/* End PBXProject section */

/* Begin PBXResourcesBuildPhase section */
		B435290A29BDE6580036613B /* Resources */ = {
			isa = PBXResourcesBuildPhase;
			buildActionMask = 2147483647;
			files = (
				B4FB5C9229BF815C004CD4DF /* video.MOV in Resources */,
				B435291C29BDE6590036613B /* LaunchScreen.storyboard in Resources */,
				B435291929BDE6590036613B /* Assets.xcassets in Resources */,
				B435292429BDEC160036613B /* cat.JPG in Resources */,
			);
			runOnlyForDeploymentPostprocessing = 0;
		};
/* End PBXResourcesBuildPhase section */

/* Begin PBXSourcesBuildPhase section */
		B435290829BDE6580036613B /* Sources */ = {
			isa = PBXSourcesBuildPhase;
			buildActionMask = 2147483647;
			files = (
				B435292629BDFE590036613B /* kernel.metal in Sources */,
				B435291429BDE6580036613B /* ViewController.swift in Sources */,
				B435292A29BE2AF60036613B /* VideoViewController.swift in Sources */,
				B435291029BDE6580036613B /* AppDelegate.swift in Sources */,
				B435291229BDE6580036613B /* SceneDelegate.swift in Sources */,
				B435292829BDFF6D0036613B /* CustomFilter.swift in Sources */,
			);
			runOnlyForDeploymentPostprocessing = 0;
		};
/* End PBXSourcesBuildPhase section */

/* Begin PBXVariantGroup section */
		B435291A29BDE6590036613B /* LaunchScreen.storyboard */ = {
			isa = PBXVariantGroup;
			children = (
				B435291B29BDE6590036613B /* Base */,
			);
			name = LaunchScreen.storyboard;
			sourceTree = "<group>";
		};
/* End PBXVariantGroup section */

/* Begin XCBuildConfiguration section */
		B435291E29BDE6590036613B /* Debug */ = {
			isa = XCBuildConfiguration;
			buildSettings = {
				ALWAYS_SEARCH_USER_PATHS = NO;
				CLANG_ANALYZER_NONNULL = YES;
				CLANG_ANALYZER_NUMBER_OBJECT_CONVERSION = YES_AGGRESSIVE;
				CLANG_CXX_LANGUAGE_STANDARD = "gnu++20";
				CLANG_ENABLE_MODULES = YES;
				CLANG_ENABLE_OBJC_ARC = YES;
				CLANG_ENABLE_OBJC_WEAK = YES;
				CLANG_WARN_BLOCK_CAPTURE_AUTORELEASING = YES;
				CLANG_WARN_BOOL_CONVERSION = YES;
				CLANG_WARN_COMMA = YES;
				CLANG_WARN_CONSTANT_CONVERSION = YES;
				CLANG_WARN_DEPRECATED_OBJC_IMPLEMENTATIONS = YES;
				CLANG_WARN_DIRECT_OBJC_ISA_USAGE = YES_ERROR;
				CLANG_WARN_DOCUMENTATION_COMMENTS = YES;
				CLANG_WARN_EMPTY_BODY = YES;
				CLANG_WARN_ENUM_CONVERSION = YES;
				CLANG_WARN_INFINITE_RECURSION = YES;
				CLANG_WARN_INT_CONVERSION = YES;
				CLANG_WARN_NON_LITERAL_NULL_CONVERSION = YES;
				CLANG_WARN_OBJC_IMPLICIT_RETAIN_SELF = YES;
				CLANG_WARN_OBJC_LITERAL_CONVERSION = YES;
				CLANG_WARN_OBJC_ROOT_CLASS = YES_ERROR;
				CLANG_WARN_QUOTED_INCLUDE_IN_FRAMEWORK_HEADER = YES;
				CLANG_WARN_RANGE_LOOP_ANALYSIS = YES;
				CLANG_WARN_STRICT_PROTOTYPES = YES;
				CLANG_WARN_SUSPICIOUS_MOVE = YES;
				CLANG_WARN_UNGUARDED_AVAILABILITY = YES_AGGRESSIVE;
				CLANG_WARN_UNREACHABLE_CODE = YES;
				CLANG_WARN__DUPLICATE_METHOD_MATCH = YES;
				COPY_PHASE_STRIP = NO;
				DEBUG_INFORMATION_FORMAT = dwarf;
				ENABLE_STRICT_OBJC_MSGSEND = YES;
				ENABLE_TESTABILITY = YES;
				GCC_C_LANGUAGE_STANDARD = gnu11;
				GCC_DYNAMIC_NO_PIC = NO;
				GCC_NO_COMMON_BLOCKS = YES;
				GCC_OPTIMIZATION_LEVEL = 0;
				GCC_PREPROCESSOR_DEFINITIONS = (
					"DEBUG=1",
					"$(inherited)",
				);
				GCC_WARN_64_TO_32_BIT_CONVERSION = YES;
				GCC_WARN_ABOUT_RETURN_TYPE = YES_ERROR;
				GCC_WARN_UNDECLARED_SELECTOR = YES;
				GCC_WARN_UNINITIALIZED_AUTOS = YES_AGGRESSIVE;
				GCC_WARN_UNUSED_FUNCTION = YES;
				GCC_WARN_UNUSED_VARIABLE = YES;
				IPHONEOS_DEPLOYMENT_TARGET = 14.0;
				MTL_ENABLE_DEBUG_INFO = INCLUDE_SOURCE;
				MTL_FAST_MATH = YES;
				ONLY_ACTIVE_ARCH = YES;
				SDKROOT = iphoneos;
				SWIFT_ACTIVE_COMPILATION_CONDITIONS = DEBUG;
				SWIFT_OPTIMIZATION_LEVEL = "-Onone";
			};
			name = Debug;
		};
		B435291F29BDE6590036613B /* Release */ = {
			isa = XCBuildConfiguration;
			buildSettings = {
				ALWAYS_SEARCH_USER_PATHS = NO;
				CLANG_ANALYZER_NONNULL = YES;
				CLANG_ANALYZER_NUMBER_OBJECT_CONVERSION = YES_AGGRESSIVE;
				CLANG_CXX_LANGUAGE_STANDARD = "gnu++20";
				CLANG_ENABLE_MODULES = YES;
				CLANG_ENABLE_OBJC_ARC = YES;
				CLANG_ENABLE_OBJC_WEAK = YES;
				CLANG_WARN_BLOCK_CAPTURE_AUTORELEASING = YES;
				CLANG_WARN_BOOL_CONVERSION = YES;
				CLANG_WARN_COMMA = YES;
				CLANG_WARN_CONSTANT_CONVERSION = YES;
				CLANG_WARN_DEPRECATED_OBJC_IMPLEMENTATIONS = YES;
				CLANG_WARN_DIRECT_OBJC_ISA_USAGE = YES_ERROR;
				CLANG_WARN_DOCUMENTATION_COMMENTS = YES;
				CLANG_WARN_EMPTY_BODY = YES;
				CLANG_WARN_ENUM_CONVERSION = YES;
				CLANG_WARN_INFINITE_RECURSION = YES;
				CLANG_WARN_INT_CONVERSION = YES;
				CLANG_WARN_NON_LITERAL_NULL_CONVERSION = YES;
				CLANG_WARN_OBJC_IMPLICIT_RETAIN_SELF = YES;
				CLANG_WARN_OBJC_LITERAL_CONVERSION = YES;
				CLANG_WARN_OBJC_ROOT_CLASS = YES_ERROR;
				CLANG_WARN_QUOTED_INCLUDE_IN_FRAMEWORK_HEADER = YES;
				CLANG_WARN_RANGE_LOOP_ANALYSIS = YES;
				CLANG_WARN_STRICT_PROTOTYPES = YES;
				CLANG_WARN_SUSPICIOUS_MOVE = YES;
				CLANG_WARN_UNGUARDED_AVAILABILITY = YES_AGGRESSIVE;
				CLANG_WARN_UNREACHABLE_CODE = YES;
				CLANG_WARN__DUPLICATE_METHOD_MATCH = YES;
				COPY_PHASE_STRIP = NO;
				DEBUG_INFORMATION_FORMAT = "dwarf-with-dsym";
				ENABLE_NS_ASSERTIONS = NO;
				ENABLE_STRICT_OBJC_MSGSEND = YES;
				GCC_C_LANGUAGE_STANDARD = gnu11;
				GCC_NO_COMMON_BLOCKS = YES;
				GCC_WARN_64_TO_32_BIT_CONVERSION = YES;
				GCC_WARN_ABOUT_RETURN_TYPE = YES_ERROR;
				GCC_WARN_UNDECLARED_SELECTOR = YES;
				GCC_WARN_UNINITIALIZED_AUTOS = YES_AGGRESSIVE;
				GCC_WARN_UNUSED_FUNCTION = YES;
				GCC_WARN_UNUSED_VARIABLE = YES;
				IPHONEOS_DEPLOYMENT_TARGET = 14.0;
				MTL_ENABLE_DEBUG_INFO = NO;
				MTL_FAST_MATH = YES;
				SDKROOT = iphoneos;
				SWIFT_COMPILATION_MODE = wholemodule;
				SWIFT_OPTIMIZATION_LEVEL = "-O";
				VALIDATE_PRODUCT = YES;
			};
			name = Release;
		};
		B435292129BDE6590036613B /* Debug */ = {
			isa = XCBuildConfiguration;
			buildSettings = {
				ASSETCATALOG_COMPILER_APPICON_NAME = AppIcon;
				ASSETCATALOG_COMPILER_GLOBAL_ACCENT_COLOR_NAME = AccentColor;
				CODE_SIGN_STYLE = Automatic;
				CURRENT_PROJECT_VERSION = 1;
				DEVELOPMENT_TEAM = SK9D9HK9A2;
				GENERATE_INFOPLIST_FILE = YES;
				INFOPLIST_FILE = SimpleCIFilter/Info.plist;
				INFOPLIST_KEY_UIApplicationSupportsIndirectInputEvents = YES;
				INFOPLIST_KEY_UILaunchStoryboardName = LaunchScreen;
				INFOPLIST_KEY_UISupportedInterfaceOrientations_iPad = "UIInterfaceOrientationPortrait UIInterfaceOrientationPortraitUpsideDown UIInterfaceOrientationLandscapeLeft UIInterfaceOrientationLandscapeRight";
				INFOPLIST_KEY_UISupportedInterfaceOrientations_iPhone = "UIInterfaceOrientationPortrait UIInterfaceOrientationLandscapeLeft UIInterfaceOrientationLandscapeRight";
				IPHONEOS_DEPLOYMENT_TARGET = 14.0;
				LD_RUNPATH_SEARCH_PATHS = (
					"$(inherited)",
					"@executable_path/Frameworks",
				);
				MARKETING_VERSION = 1.0;
				MTLLINKER_FLAGS = "-fcikernel";
				MTL_COMPILER_FLAGS = "-fcikernel";
				PRODUCT_BUNDLE_IDENTIFIER = com.howift.SimpleCIFilter;
				PRODUCT_NAME = "$(TARGET_NAME)";
				SWIFT_EMIT_LOC_STRINGS = YES;
				SWIFT_VERSION = 5.0;
				TARGETED_DEVICE_FAMILY = "1,2";
			};
			name = Debug;
		};
		B435292229BDE6590036613B /* Release */ = {
			isa = XCBuildConfiguration;
			buildSettings = {
				ASSETCATALOG_COMPILER_APPICON_NAME = AppIcon;
				ASSETCATALOG_COMPILER_GLOBAL_ACCENT_COLOR_NAME = AccentColor;
				CODE_SIGN_STYLE = Automatic;
				CURRENT_PROJECT_VERSION = 1;
				DEVELOPMENT_TEAM = SK9D9HK9A2;
				GENERATE_INFOPLIST_FILE = YES;
				INFOPLIST_FILE = SimpleCIFilter/Info.plist;
				INFOPLIST_KEY_UIApplicationSupportsIndirectInputEvents = YES;
				INFOPLIST_KEY_UILaunchStoryboardName = LaunchScreen;
				INFOPLIST_KEY_UISupportedInterfaceOrientations_iPad = "UIInterfaceOrientationPortrait UIInterfaceOrientationPortraitUpsideDown UIInterfaceOrientationLandscapeLeft UIInterfaceOrientationLandscapeRight";
				INFOPLIST_KEY_UISupportedInterfaceOrientations_iPhone = "UIInterfaceOrientationPortrait UIInterfaceOrientationLandscapeLeft UIInterfaceOrientationLandscapeRight";
				IPHONEOS_DEPLOYMENT_TARGET = 14.0;
				LD_RUNPATH_SEARCH_PATHS = (
					"$(inherited)",
					"@executable_path/Frameworks",
				);
				MARKETING_VERSION = 1.0;
				MTLLINKER_FLAGS = "-fcikernel";
				MTL_COMPILER_FLAGS = "-fcikernel";
				PRODUCT_BUNDLE_IDENTIFIER = com.howift.SimpleCIFilter;
				PRODUCT_NAME = "$(TARGET_NAME)";
				SWIFT_EMIT_LOC_STRINGS = YES;
				SWIFT_VERSION = 5.0;
				TARGETED_DEVICE_FAMILY = "1,2";
			};
			name = Release;
		};
/* End XCBuildConfiguration section */

/* Begin XCConfigurationList section */
		B435290729BDE6580036613B /* Build configuration list for PBXProject "SimpleCIFilter" */ = {
			isa = XCConfigurationList;
			buildConfigurations = (
				B435291E29BDE6590036613B /* Debug */,
				B435291F29BDE6590036613B /* Release */,
			);
			defaultConfigurationIsVisible = 0;
			defaultConfigurationName = Release;
		};
		B435292029BDE6590036613B /* Build configuration list for PBXNativeTarget "SimpleCIFilter" */ = {
			isa = XCConfigurationList;
			buildConfigurations = (
				B435292129BDE6590036613B /* Debug */,
				B435292229BDE6590036613B /* Release */,
			);
			defaultConfigurationIsVisible = 0;
			defaultConfigurationName = Release;
		};
/* End XCConfigurationList section */
	};
	rootObject = B435290429BDE6580036613B /* Project object */;
}
